
Microsoft Visual Studio Solution File, Format Version 12.00
# Visual Studio Version 16
VisualStudioVersion = 16.0.31911.196
MinimumVisualStudioVersion = 10.0.40219.1
Project("{FAE04EC0-301F-11D3-BF4B-00C04F79EFBC}") = "DoSA-3D", "DoSA-3D\DoSA-3D.csproj", "{72429FF1-515A-4AD8-BF14-6D3CE69FA5FD}"
EndProject
Global
	GlobalSection(SolutionConfigurationPlatforms) = preSolution
		Debug|Any CPU = Debug|Any CPU
		Release|Any CPU = Release|Any CPU
	EndGlobalSection
	GlobalSection(ProjectConfigurationPlatforms) = postSolution
		{72429FF1-515A-4AD8-BF14-6D3CE69FA5FD}.Debug|Any CPU.ActiveCfg = Debug|Any CPU
		{72429FF1-515A-4AD8-BF14-6D3CE69FA5FD}.Debug|Any CPU.Build.0 = Debug|Any CPU
		{72429FF1-515A-4AD8-BF14-6D3CE69FA5FD}.Release|Any CPU.ActiveCfg = Release|Any CPU
		{72429FF1-515A-4AD8-BF14-6D3CE69FA5FD}.Release|Any CPU.Build.0 = Release|Any CPU
	EndGlobalSection
	GlobalSection(SolutionProperties) = preSolution
		HideSolutionNode = FALSE
	EndGlobalSection
	GlobalSection(ExtensibilityGlobals) = postSolution
		SolutionGuid = {3D292D67-9B5D-4944-8217-9CA337A95DB4}
	EndGlobalSection
EndGlobal
